
Microsoft Visual Studio Solution File, Format Version 12.00
# Visual Studio 2012
Project("{FAE04EC0-301F-11D3-BF4B-00C04F79EFBC}") = "ATSCommon", "ATSCommon\ATSCommon.csproj", "{A64113F3-7C7E-4151-8F0F-A46C62CD4A8D}"
EndProject
Project("{FAE04EC0-301F-11D3-BF4B-00C04F79EFBC}") = "ATSDataAccess", "ATSDataAccess\ATSDataAccess.csproj", "{9BECFAD0-6669-4F23-8E20-E37513B79959}"
EndProject
Project("{FAE04EC0-301F-11D3-BF4B-00C04F79EFBC}") = "ATSDomain", "ATSDomain\ATSDomain.csproj", "{39CCEA91-9702-4119-A6E9-7454C3CD9D66}"
EndProject
Project("{FAE04EC0-301F-11D3-BF4B-00C04F79EFBC}") = "ATSWebServices", "ATSWebServices\ATSWebServices.csproj", "{2C353F0D-886F-44AA-9D35-AEC0EAA0CB8A}"
EndProject
Project("{FAE04EC0-301F-11D3-BF4B-00C04F79EFBC}") = "ATSWebTest", "ATSWebTest\ATSWebTest.csproj", "{F9E1CA79-B90E-4322-A015-EEF6540280E2}"
EndProject
Global
	GlobalSection(SolutionConfigurationPlatforms) = preSolution
		Debug|Any CPU = Debug|Any CPU
		Release|Any CPU = Release|Any CPU
	EndGlobalSection
	GlobalSection(ProjectConfigurationPlatforms) = postSolution
		{A64113F3-7C7E-4151-8F0F-A46C62CD4A8D}.Debug|Any CPU.ActiveCfg = Debug|Any CPU
		{A64113F3-7C7E-4151-8F0F-A46C62CD4A8D}.Debug|Any CPU.Build.0 = Debug|Any CPU
		{A64113F3-7C7E-4151-8F0F-A46C62CD4A8D}.Release|Any CPU.ActiveCfg = Release|Any CPU
		{A64113F3-7C7E-4151-8F0F-A46C62CD4A8D}.Release|Any CPU.Build.0 = Release|Any CPU
		{9BECFAD0-6669-4F23-8E20-E37513B79959}.Debug|Any CPU.ActiveCfg = Debug|Any CPU
		{9BECFAD0-6669-4F23-8E20-E37513B79959}.Debug|Any CPU.Build.0 = Debug|Any CPU
		{9BECFAD0-6669-4F23-8E20-E37513B79959}.Release|Any CPU.ActiveCfg = Release|Any CPU
		{9BECFAD0-6669-4F23-8E20-E37513B79959}.Release|Any CPU.Build.0 = Release|Any CPU
		{39CCEA91-9702-4119-A6E9-7454C3CD9D66}.Debug|Any CPU.ActiveCfg = Debug|Any CPU
		{39CCEA91-9702-4119-A6E9-7454C3CD9D66}.Debug|Any CPU.Build.0 = Debug|Any CPU
		{39CCEA91-9702-4119-A6E9-7454C3CD9D66}.Release|Any CPU.ActiveCfg = Release|Any CPU
		{39CCEA91-9702-4119-A6E9-7454C3CD9D66}.Release|Any CPU.Build.0 = Release|Any CPU
		{2C353F0D-886F-44AA-9D35-AEC0EAA0CB8A}.Debug|Any CPU.ActiveCfg = Debug|Any CPU
		{2C353F0D-886F-44AA-9D35-AEC0EAA0CB8A}.Debug|Any CPU.Build.0 = Debug|Any CPU
		{2C353F0D-886F-44AA-9D35-AEC0EAA0CB8A}.Release|Any CPU.ActiveCfg = Release|Any CPU
		{2C353F0D-886F-44AA-9D35-AEC0EAA0CB8A}.Release|Any CPU.Build.0 = Release|Any CPU
		{F9E1CA79-B90E-4322-A015-EEF6540280E2}.Debug|Any CPU.ActiveCfg = Debug|Any CPU
		{F9E1CA79-B90E-4322-A015-EEF6540280E2}.Debug|Any CPU.Build.0 = Debug|Any CPU
		{F9E1CA79-B90E-4322-A015-EEF6540280E2}.Release|Any CPU.ActiveCfg = Release|Any CPU
		{F9E1CA79-B90E-4322-A015-EEF6540280E2}.Release|Any CPU.Build.0 = Release|Any CPU
	EndGlobalSection
	GlobalSection(SolutionProperties) = preSolution
		HideSolutionNode = FALSE
	EndGlobalSection
EndGlobal
